// !$*UTF8*$!
{
	archiveVersion = 1;
	classes = {
	};
	objectVersion = 56;
	objects = {

/* Begin PBXBuildFile section */
		C609C8BB2CC9F5AC007D0C08 /* AppDelegate.swift in Sources */ = {isa = PBXBuildFile; fileRef = C609C8BA2CC9F5AC007D0C08 /* AppDelegate.swift */; };
		C609C8BD2CC9F5AC007D0C08 /* SceneDelegate.swift in Sources */ = {isa = PBXBuildFile; fileRef = C609C8BC2CC9F5AC007D0C08 /* SceneDelegate.swift */; };
		C609C8BF2CC9F5AC007D0C08 /* DetailViewController.swift in Sources */ = {isa = PBXBuildFile; fileRef = C609C8BE2CC9F5AC007D0C08 /* DetailViewController.swift */; };
		C609C8C22CC9F5AC007D0C08 /* Base in Resources */ = {isa = PBXBuildFile; fileRef = C609C8C12CC9F5AC007D0C08 /* Base */; };
		C609C8C52CC9F5AC007D0C08 /* Barman.xcdatamodeld in Sources */ = {isa = PBXBuildFile; fileRef = C609C8C32CC9F5AC007D0C08 /* Barman.xcdatamodeld */; };
		C609C8C72CC9F5AE007D0C08 /* Assets.xcassets in Resources */ = {isa = PBXBuildFile; fileRef = C609C8C62CC9F5AE007D0C08 /* Assets.xcassets */; };
		C609C8CA2CC9F5AE007D0C08 /* Base in Resources */ = {isa = PBXBuildFile; fileRef = C609C8C92CC9F5AE007D0C08 /* Base */; };
		C609C8D62CC9FAA5007D0C08 /* CoreData.framework in Frameworks */ = {isa = PBXBuildFile; fileRef = C609C8D52CC9FAA5007D0C08 /* CoreData.framework */; };
		C609C8DE2CC9FD74007D0C08 /* DataManager.swift in Sources */ = {isa = PBXBuildFile; fileRef = C609C8DD2CC9FD74007D0C08 /* DataManager.swift */; };
		C609C8E02CC9FF7D007D0C08 /* InternetMonitor.swift in Sources */ = {isa = PBXBuildFile; fileRef = C609C8DF2CC9FF7D007D0C08 /* InternetMonitor.swift */; };
		C609C8E32CCA0805007D0C08 /* Drinks+CoreDataClass.swift in Sources */ = {isa = PBXBuildFile; fileRef = C609C8E12CCA0805007D0C08 /* Drinks+CoreDataClass.swift */; };
		C609C8E42CCA0805007D0C08 /* Drinks+CoreDataProperties.swift in Sources */ = {isa = PBXBuildFile; fileRef = C609C8E22CCA0805007D0C08 /* Drinks+CoreDataProperties.swift */; };
		C609C8E62CCA0F06007D0C08 /* TableViewController.swift in Sources */ = {isa = PBXBuildFile; fileRef = C609C8E52CCA0F06007D0C08 /* TableViewController.swift */; };
		C609C8EA2CCB5F0E007D0C08 /* NewDrinkViewController.swift in Sources */ = {isa = PBXBuildFile; fileRef = C609C8E92CCB5F0E007D0C08 /* NewDrinkViewController.swift */; };
/* End PBXBuildFile section */

/* Begin PBXFileReference section */
		C609C8B72CC9F5AC007D0C08 /* Barman.app */ = {isa = PBXFileReference; explicitFileType = wrapper.application; includeInIndex = 0; path = Barman.app; sourceTree = BUILT_PRODUCTS_DIR; };
		C609C8BA2CC9F5AC007D0C08 /* AppDelegate.swift */ = {isa = PBXFileReference; lastKnownFileType = sourcecode.swift; path = AppDelegate.swift; sourceTree = "<group>"; };
		C609C8BC2CC9F5AC007D0C08 /* SceneDelegate.swift */ = {isa = PBXFileReference; lastKnownFileType = sourcecode.swift; path = SceneDelegate.swift; sourceTree = "<group>"; };
		C609C8BE2CC9F5AC007D0C08 /* DetailViewController.swift */ = {isa = PBXFileReference; lastKnownFileType = sourcecode.swift; path = DetailViewController.swift; sourceTree = "<group>"; };
		C609C8C12CC9F5AC007D0C08 /* Base */ = {isa = PBXFileReference; lastKnownFileType = file.storyboard; name = Base; path = Base.lproj/Main.storyboard; sourceTree = "<group>"; };
		C609C8C42CC9F5AC007D0C08 /* Barman.xcdatamodel */ = {isa = PBXFileReference; lastKnownFileType = wrapper.xcdatamodel; path = Barman.xcdatamodel; sourceTree = "<group>"; };
		C609C8C62CC9F5AE007D0C08 /* Assets.xcassets */ = {isa = PBXFileReference; lastKnownFileType = folder.assetcatalog; path = Assets.xcassets; sourceTree = "<group>"; };
		C609C8C92CC9F5AE007D0C08 /* Base */ = {isa = PBXFileReference; lastKnownFileType = file.storyboard; name = Base; path = Base.lproj/LaunchScreen.storyboard; sourceTree = "<group>"; };
		C609C8CB2CC9F5AE007D0C08 /* Info.plist */ = {isa = PBXFileReference; lastKnownFileType = text.plist.xml; path = Info.plist; sourceTree = "<group>"; };
		C609C8D52CC9FAA5007D0C08 /* CoreData.framework */ = {isa = PBXFileReference; lastKnownFileType = wrapper.framework; name = CoreData.framework; path = System/Library/Frameworks/CoreData.framework; sourceTree = SDKROOT; };
		C609C8DD2CC9FD74007D0C08 /* DataManager.swift */ = {isa = PBXFileReference; lastKnownFileType = sourcecode.swift; path = DataManager.swift; sourceTree = "<group>"; };
		C609C8DF2CC9FF7D007D0C08 /* InternetMonitor.swift */ = {isa = PBXFileReference; fileEncoding = 4; lastKnownFileType = sourcecode.swift; path = InternetMonitor.swift; sourceTree = "<group>"; };
		C609C8E12CCA0805007D0C08 /* Drinks+CoreDataClass.swift */ = {isa = PBXFileReference; lastKnownFileType = sourcecode.swift; path = "Drinks+CoreDataClass.swift"; sourceTree = "<group>"; };
		C609C8E22CCA0805007D0C08 /* Drinks+CoreDataProperties.swift */ = {isa = PBXFileReference; lastKnownFileType = sourcecode.swift; path = "Drinks+CoreDataProperties.swift"; sourceTree = "<group>"; };
		C609C8E52CCA0F06007D0C08 /* TableViewController.swift */ = {isa = PBXFileReference; lastKnownFileType = sourcecode.swift; path = TableViewController.swift; sourceTree = "<group>"; };
		C609C8E92CCB5F0E007D0C08 /* NewDrinkViewController.swift */ = {isa = PBXFileReference; lastKnownFileType = sourcecode.swift; path = NewDrinkViewController.swift; sourceTree = "<group>"; };
/* End PBXFileReference section */

/* Begin PBXFrameworksBuildPhase section */
		C609C8B42CC9F5AC007D0C08 /* Frameworks */ = {
			isa = PBXFrameworksBuildPhase;
			buildActionMask = 2147483647;
			files = (
				C609C8D62CC9FAA5007D0C08 /* CoreData.framework in Frameworks */,
			);
			runOnlyForDeploymentPostprocessing = 0;
		};
/* End PBXFrameworksBuildPhase section */

/* Begin PBXGroup section */
		C609C8AE2CC9F5AC007D0C08 = {
			isa = PBXGroup;
			children = (
				C609C8D32CC9F8DD007D0C08 /* Model */,
				C609C8D22CC9F8D1007D0C08 /* View */,
				C609C8D12CC9F8A7007D0C08 /* Controller */,
				C609C8B92CC9F5AC007D0C08 /* Barman */,
				C609C8B82CC9F5AC007D0C08 /* Products */,
				C609C8D42CC9FAA4007D0C08 /* Frameworks */,
			);
			sourceTree = "<group>";
		};
		C609C8B82CC9F5AC007D0C08 /* Products */ = {
			isa = PBXGroup;
			children = (
				C609C8B72CC9F5AC007D0C08 /* Barman.app */,
			);
			name = Products;
			sourceTree = "<group>";
		};
		C609C8B92CC9F5AC007D0C08 /* Barman */ = {
			isa = PBXGroup;
			children = (
				C609C8C62CC9F5AE007D0C08 /* Assets.xcassets */,
				C609C8CB2CC9F5AE007D0C08 /* Info.plist */,
			);
			path = Barman;
			sourceTree = "<group>";
		};
		C609C8D12CC9F8A7007D0C08 /* Controller */ = {
			isa = PBXGroup;
			children = (
				C609C8DF2CC9FF7D007D0C08 /* InternetMonitor.swift */,
				C609C8BA2CC9F5AC007D0C08 /* AppDelegate.swift */,
				C609C8BC2CC9F5AC007D0C08 /* SceneDelegate.swift */,
				C609C8BE2CC9F5AC007D0C08 /* DetailViewController.swift */,
				C609C8DD2CC9FD74007D0C08 /* DataManager.swift */,
				C609C8E52CCA0F06007D0C08 /* TableViewController.swift */,
				C609C8E92CCB5F0E007D0C08 /* NewDrinkViewController.swift */,
			);
			path = Controller;
			sourceTree = "<group>";
		};
		C609C8D22CC9F8D1007D0C08 /* View */ = {
			isa = PBXGroup;
			children = (
				C609C8C02CC9F5AC007D0C08 /* Main.storyboard */,
				C609C8C82CC9F5AE007D0C08 /* LaunchScreen.storyboard */,
			);
			path = View;
			sourceTree = "<group>";
		};
		C609C8D32CC9F8DD007D0C08 /* Model */ = {
			isa = PBXGroup;
			children = (
				C609C8E12CCA0805007D0C08 /* Drinks+CoreDataClass.swift */,
				C609C8E22CCA0805007D0C08 /* Drinks+CoreDataProperties.swift */,
				C609C8C32CC9F5AC007D0C08 /* Barman.xcdatamodeld */,
			);
			path = Model;
			sourceTree = "<group>";
		};
		C609C8D42CC9FAA4007D0C08 /* Frameworks */ = {
			isa = PBXGroup;
			children = (
				C609C8D52CC9FAA5007D0C08 /* CoreData.framework */,
			);
			name = Frameworks;
			sourceTree = "<group>";
		};
/* End PBXGroup section */

/* Begin PBXNativeTarget section */
		C609C8B62CC9F5AC007D0C08 /* Barman */ = {
			isa = PBXNativeTarget;
			buildConfigurationList = C609C8CE2CC9F5AE007D0C08 /* Build configuration list for PBXNativeTarget "Barman" */;
			buildPhases = (
				C609C8B32CC9F5AC007D0C08 /* Sources */,
				C609C8B42CC9F5AC007D0C08 /* Frameworks */,
				C609C8B52CC9F5AC007D0C08 /* Resources */,
			);
			buildRules = (
			);
			dependencies = (
			);
			name = Barman;
			productName = Barman;
			productReference = C609C8B72CC9F5AC007D0C08 /* Barman.app */;
			productType = "com.apple.product-type.application";
		};
/* End PBXNativeTarget section */

/* Begin PBXProject section */
		C609C8AF2CC9F5AC007D0C08 /* Project object */ = {
			isa = PBXProject;
			attributes = {
				BuildIndependentTargetsInParallel = 1;
				LastSwiftUpdateCheck = 1540;
				LastUpgradeCheck = 1540;
				TargetAttributes = {
					C609C8B62CC9F5AC007D0C08 = {
						CreatedOnToolsVersion = 15.4;
					};
				};
			};
			buildConfigurationList = C609C8B22CC9F5AC007D0C08 /* Build configuration list for PBXProject "Barman" */;
			compatibilityVersion = "Xcode 14.0";
			developmentRegion = en;
			hasScannedForEncodings = 0;
			knownRegions = (
				en,
				Base,
			);
			mainGroup = C609C8AE2CC9F5AC007D0C08;
			productRefGroup = C609C8B82CC9F5AC007D0C08 /* Products */;
			projectDirPath = "";
			projectRoot = "";
			targets = (
				C609C8B62CC9F5AC007D0C08 /* Barman */,
			);
		};
/* End PBXProject section */

/* Begin PBXResourcesBuildPhase section */
		C609C8B52CC9F5AC007D0C08 /* Resources */ = {
			isa = PBXResourcesBuildPhase;
			buildActionMask = 2147483647;
			files = (
				C609C8C72CC9F5AE007D0C08 /* Assets.xcassets in Resources */,
				C609C8CA2CC9F5AE007D0C08 /* Base in Resources */,
				C609C8C22CC9F5AC007D0C08 /* Base in Resources */,
			);
			runOnlyForDeploymentPostprocessing = 0;
		};
/* End PBXResourcesBuildPhase section */

/* Begin PBXSourcesBuildPhase section */
		C609C8B32CC9F5AC007D0C08 /* Sources */ = {
			isa = PBXSourcesBuildPhase;
			buildActionMask = 2147483647;
			files = (
				C609C8C52CC9F5AC007D0C08 /* Barman.xcdatamodeld in Sources */,
				C609C8E02CC9FF7D007D0C08 /* InternetMonitor.swift in Sources */,
				C609C8BF2CC9F5AC007D0C08 /* DetailViewController.swift in Sources */,
				C609C8BB2CC9F5AC007D0C08 /* AppDelegate.swift in Sources */,
				C609C8DE2CC9FD74007D0C08 /* DataManager.swift in Sources */,
				C609C8BD2CC9F5AC007D0C08 /* SceneDelegate.swift in Sources */,
				C609C8E32CCA0805007D0C08 /* Drinks+CoreDataClass.swift in Sources */,
				C609C8E62CCA0F06007D0C08 /* TableViewController.swift in Sources */,
				C609C8E42CCA0805007D0C08 /* Drinks+CoreDataProperties.swift in Sources */,
				C609C8EA2CCB5F0E007D0C08 /* NewDrinkViewController.swift in Sources */,
			);
			runOnlyForDeploymentPostprocessing = 0;
		};
/* End PBXSourcesBuildPhase section */

/* Begin PBXVariantGroup section */
		C609C8C02CC9F5AC007D0C08 /* Main.storyboard */ = {
			isa = PBXVariantGroup;
			children = (
				C609C8C12CC9F5AC007D0C08 /* Base */,
			);
			name = Main.storyboard;
			sourceTree = "<group>";
		};
		C609C8C82CC9F5AE007D0C08 /* LaunchScreen.storyboard */ = {
			isa = PBXVariantGroup;
			children = (
				C609C8C92CC9F5AE007D0C08 /* Base */,
			);
			name = LaunchScreen.storyboard;
			sourceTree = "<group>";
		};
/* End PBXVariantGroup section */

/* Begin XCBuildConfiguration section */
		C609C8CC2CC9F5AE007D0C08 /* Debug */ = {
			isa = XCBuildConfiguration;
			buildSettings = {
				ALWAYS_SEARCH_USER_PATHS = NO;
				ASSETCATALOG_COMPILER_GENERATE_SWIFT_ASSET_SYMBOL_EXTENSIONS = YES;
				CLANG_ANALYZER_NONNULL = YES;
				CLANG_ANALYZER_NUMBER_OBJECT_CONVERSION = YES_AGGRESSIVE;
				CLANG_CXX_LANGUAGE_STANDARD = "gnu++20";
				CLANG_ENABLE_MODULES = YES;
				CLANG_ENABLE_OBJC_ARC = YES;
				CLANG_ENABLE_OBJC_WEAK = YES;
				CLANG_WARN_BLOCK_CAPTURE_AUTORELEASING = YES;
				CLANG_WARN_BOOL_CONVERSION = YES;
				CLANG_WARN_COMMA = YES;
				CLANG_WARN_CONSTANT_CONVERSION = YES;
				CLANG_WARN_DEPRECATED_OBJC_IMPLEMENTATIONS = YES;
				CLANG_WARN_DIRECT_OBJC_ISA_USAGE = YES_ERROR;
				CLANG_WARN_DOCUMENTATION_COMMENTS = YES;
				CLANG_WARN_EMPTY_BODY = YES;
				CLANG_WARN_ENUM_CONVERSION = YES;
				CLANG_WARN_INFINITE_RECURSION = YES;
				CLANG_WARN_INT_CONVERSION = YES;
				CLANG_WARN_NON_LITERAL_NULL_CONVERSION = YES;
				CLANG_WARN_OBJC_IMPLICIT_RETAIN_SELF = YES;
				CLANG_WARN_OBJC_LITERAL_CONVERSION = YES;
				CLANG_WARN_OBJC_ROOT_CLASS = YES_ERROR;
				CLANG_WARN_QUOTED_INCLUDE_IN_FRAMEWORK_HEADER = YES;
				CLANG_WARN_RANGE_LOOP_ANALYSIS = YES;
				CLANG_WARN_STRICT_PROTOTYPES = YES;
				CLANG_WARN_SUSPICIOUS_MOVE = YES;
				CLANG_WARN_UNGUARDED_AVAILABILITY = YES_AGGRESSIVE;
				CLANG_WARN_UNREACHABLE_CODE = YES;
				CLANG_WARN__DUPLICATE_METHOD_MATCH = YES;
				COPY_PHASE_STRIP = NO;
				DEBUG_INFORMATION_FORMAT = dwarf;
				ENABLE_STRICT_OBJC_MSGSEND = YES;
				ENABLE_TESTABILITY = YES;
				ENABLE_USER_SCRIPT_SANDBOXING = YES;
				GCC_C_LANGUAGE_STANDARD = gnu17;
				GCC_DYNAMIC_NO_PIC = NO;
				GCC_NO_COMMON_BLOCKS = YES;
				GCC_OPTIMIZATION_LEVEL = 0;
				GCC_PREPROCESSOR_DEFINITIONS = (
					"DEBUG=1",
					"$(inherited)",
				);
				GCC_WARN_64_TO_32_BIT_CONVERSION = YES;
				GCC_WARN_ABOUT_RETURN_TYPE = YES_ERROR;
				GCC_WARN_UNDECLARED_SELECTOR = YES;
				GCC_WARN_UNINITIALIZED_AUTOS = YES_AGGRESSIVE;
				GCC_WARN_UNUSED_FUNCTION = YES;
				GCC_WARN_UNUSED_VARIABLE = YES;
				IPHONEOS_DEPLOYMENT_TARGET = 17.5;
				LOCALIZATION_PREFERS_STRING_CATALOGS = YES;
				MTL_ENABLE_DEBUG_INFO = INCLUDE_SOURCE;
				MTL_FAST_MATH = YES;
				ONLY_ACTIVE_ARCH = YES;
				SDKROOT = iphoneos;
				SWIFT_ACTIVE_COMPILATION_CONDITIONS = "DEBUG $(inherited)";
				SWIFT_OPTIMIZATION_LEVEL = "-Onone";
			};
			name = Debug;
		};
		C609C8CD2CC9F5AE007D0C08 /* Release */ = {
			isa = XCBuildConfiguration;
			buildSettings = {
				ALWAYS_SEARCH_USER_PATHS = NO;
				ASSETCATALOG_COMPILER_GENERATE_SWIFT_ASSET_SYMBOL_EXTENSIONS = YES;
				CLANG_ANALYZER_NONNULL = YES;
				CLANG_ANALYZER_NUMBER_OBJECT_CONVERSION = YES_AGGRESSIVE;
				CLANG_CXX_LANGUAGE_STANDARD = "gnu++20";
				CLANG_ENABLE_MODULES = YES;
				CLANG_ENABLE_OBJC_ARC = YES;
				CLANG_ENABLE_OBJC_WEAK = YES;
				CLANG_WARN_BLOCK_CAPTURE_AUTORELEASING = YES;
				CLANG_WARN_BOOL_CONVERSION = YES;
				CLANG_WARN_COMMA = YES;
				CLANG_WARN_CONSTANT_CONVERSION = YES;
				CLANG_WARN_DEPRECATED_OBJC_IMPLEMENTATIONS = YES;
				CLANG_WARN_DIRECT_OBJC_ISA_USAGE = YES_ERROR;
				CLANG_WARN_DOCUMENTATION_COMMENTS = YES;
				CLANG_WARN_EMPTY_BODY = YES;
				CLANG_WARN_ENUM_CONVERSION = YES;
				CLANG_WARN_INFINITE_RECURSION = YES;
				CLANG_WARN_INT_CONVERSION = YES;
				CLANG_WARN_NON_LITERAL_NULL_CONVERSION = YES;
				CLANG_WARN_OBJC_IMPLICIT_RETAIN_SELF = YES;
				CLANG_WARN_OBJC_LITERAL_CONVERSION = YES;
				CLANG_WARN_OBJC_ROOT_CLASS = YES_ERROR;
				CLANG_WARN_QUOTED_INCLUDE_IN_FRAMEWORK_HEADER = YES;
				CLANG_WARN_RANGE_LOOP_ANALYSIS = YES;
				CLANG_WARN_STRICT_PROTOTYPES = YES;
				CLANG_WARN_SUSPICIOUS_MOVE = YES;
				CLANG_WARN_UNGUARDED_AVAILABILITY = YES_AGGRESSIVE;
				CLANG_WARN_UNREACHABLE_CODE = YES;
				CLANG_WARN__DUPLICATE_METHOD_MATCH = YES;
				COPY_PHASE_STRIP = NO;
				DEBUG_INFORMATION_FORMAT = "dwarf-with-dsym";
				ENABLE_NS_ASSERTIONS = NO;
				ENABLE_STRICT_OBJC_MSGSEND = YES;
				ENABLE_USER_SCRIPT_SANDBOXING = YES;
				GCC_C_LANGUAGE_STANDARD = gnu17;
				GCC_NO_COMMON_BLOCKS = YES;
				GCC_WARN_64_TO_32_BIT_CONVERSION = YES;
				GCC_WARN_ABOUT_RETURN_TYPE = YES_ERROR;
				GCC_WARN_UNDECLARED_SELECTOR = YES;
				GCC_WARN_UNINITIALIZED_AUTOS = YES_AGGRESSIVE;
				GCC_WARN_UNUSED_FUNCTION = YES;
				GCC_WARN_UNUSED_VARIABLE = YES;
				IPHONEOS_DEPLOYMENT_TARGET = 17.5;
				LOCALIZATION_PREFERS_STRING_CATALOGS = YES;
				MTL_ENABLE_DEBUG_INFO = NO;
				MTL_FAST_MATH = YES;
				SDKROOT = iphoneos;
				SWIFT_COMPILATION_MODE = wholemodule;
				VALIDATE_PRODUCT = YES;
			};
			name = Release;
		};
		C609C8CF2CC9F5AE007D0C08 /* Debug */ = {
			isa = XCBuildConfiguration;
			buildSettings = {
				ASSETCATALOG_COMPILER_APPICON_NAME = AppIcon;
				ASSETCATALOG_COMPILER_GLOBAL_ACCENT_COLOR_NAME = AccentColor;
				CODE_SIGN_STYLE = Automatic;
				CURRENT_PROJECT_VERSION = 1;
				DEVELOPMENT_TEAM = UMHY4G42PY;
				GENERATE_INFOPLIST_FILE = YES;
				INFOPLIST_FILE = Barman/Info.plist;
				INFOPLIST_KEY_CFBundleDisplayName = Barman;
				INFOPLIST_KEY_UIApplicationSupportsIndirectInputEvents = YES;
				INFOPLIST_KEY_UILaunchStoryboardName = LaunchScreen;
				INFOPLIST_KEY_UIMainStoryboardFile = Main;
				INFOPLIST_KEY_UISupportedInterfaceOrientations_iPad = "UIInterfaceOrientationPortrait UIInterfaceOrientationPortraitUpsideDown UIInterfaceOrientationLandscapeLeft UIInterfaceOrientationLandscapeRight";
				INFOPLIST_KEY_UISupportedInterfaceOrientations_iPhone = "UIInterfaceOrientationPortrait UIInterfaceOrientationLandscapeLeft UIInterfaceOrientationLandscapeRight";
				LD_RUNPATH_SEARCH_PATHS = (
					"$(inherited)",
					"@executable_path/Frameworks",
				);
				MARKETING_VERSION = 1.0;
				PRODUCT_BUNDLE_IDENTIFIER = "com.israelaguilar-ddadm12.Barman";
				PRODUCT_NAME = "$(TARGET_NAME)";
				SWIFT_EMIT_LOC_STRINGS = YES;
				SWIFT_VERSION = 5.0;
				TARGETED_DEVICE_FAMILY = "1,2";
			};
			name = Debug;
		};
		C609C8D02CC9F5AE007D0C08 /* Release */ = {
			isa = XCBuildConfiguration;
			buildSettings = {
				ASSETCATALOG_COMPILER_APPICON_NAME = AppIcon;
				ASSETCATALOG_COMPILER_GLOBAL_ACCENT_COLOR_NAME = AccentColor;
				CODE_SIGN_STYLE = Automatic;
				CURRENT_PROJECT_VERSION = 1;
				DEVELOPMENT_TEAM = UMHY4G42PY;
				GENERATE_INFOPLIST_FILE = YES;
				INFOPLIST_FILE = Barman/Info.plist;
				INFOPLIST_KEY_CFBundleDisplayName = Barman;
				INFOPLIST_KEY_UIApplicationSupportsIndirectInputEvents = YES;
				INFOPLIST_KEY_UILaunchStoryboardName = LaunchScreen;
				INFOPLIST_KEY_UIMainStoryboardFile = Main;
				INFOPLIST_KEY_UISupportedInterfaceOrientations_iPad = "UIInterfaceOrientationPortrait UIInterfaceOrientationPortraitUpsideDown UIInterfaceOrientationLandscapeLeft UIInterfaceOrientationLandscapeRight";
				INFOPLIST_KEY_UISupportedInterfaceOrientations_iPhone = "UIInterfaceOrientationPortrait UIInterfaceOrientationLandscapeLeft UIInterfaceOrientationLandscapeRight";
				LD_RUNPATH_SEARCH_PATHS = (
					"$(inherited)",
					"@executable_path/Frameworks",
				);
				MARKETING_VERSION = 1.0;
				PRODUCT_BUNDLE_IDENTIFIER = "com.israelaguilar-ddadm12.Barman";
				PRODUCT_NAME = "$(TARGET_NAME)";
				SWIFT_EMIT_LOC_STRINGS = YES;
				SWIFT_VERSION = 5.0;
				TARGETED_DEVICE_FAMILY = "1,2";
			};
			name = Release;
		};
/* End XCBuildConfiguration section */

/* Begin XCConfigurationList section */
		C609C8B22CC9F5AC007D0C08 /* Build configuration list for PBXProject "Barman" */ = {
			isa = XCConfigurationList;
			buildConfigurations = (
				C609C8CC2CC9F5AE007D0C08 /* Debug */,
				C609C8CD2CC9F5AE007D0C08 /* Release */,
			);
			defaultConfigurationIsVisible = 0;
			defaultConfigurationName = Release;
		};
		C609C8CE2CC9F5AE007D0C08 /* Build configuration list for PBXNativeTarget "Barman" */ = {
			isa = XCConfigurationList;
			buildConfigurations = (
				C609C8CF2CC9F5AE007D0C08 /* Debug */,
				C609C8D02CC9F5AE007D0C08 /* Release */,
			);
			defaultConfigurationIsVisible = 0;
			defaultConfigurationName = Release;
		};
/* End XCConfigurationList section */

/* Begin XCVersionGroup section */
		C609C8C32CC9F5AC007D0C08 /* Barman.xcdatamodeld */ = {
			isa = XCVersionGroup;
			children = (
				C609C8C42CC9F5AC007D0C08 /* Barman.xcdatamodel */,
			);
			currentVersion = C609C8C42CC9F5AC007D0C08 /* Barman.xcdatamodel */;
			path = Barman.xcdatamodeld;
			sourceTree = "<group>";
			versionGroupType = wrapper.xcdatamodel;
		};
/* End XCVersionGroup section */
	};
	rootObject = C609C8AF2CC9F5AC007D0C08 /* Project object */;
}
